
Microsoft Visual Studio Solution File, Format Version 12.00
# Visual Studio Version 16
VisualStudioVersion = 16.0.29613.14
MinimumVisualStudioVersion = 10.0.40219.1
Project("{FAE04EC0-301F-11D3-BF4B-00C04F79EFBC}") = "CalculadoraDeImpuestosTest", "CalculadoraDeImpuestosTest\CalculadoraDeImpuestosTest.csproj", "{B102F5F8-F8D1-4C05-BF9F-6C404038B4C7}"
EndProject
Project("{FAE04EC0-301F-11D3-BF4B-00C04F79EFBC}") = "Calculadora", "Calculadora\Calculadora.csproj", "{7999577E-59CF-479E-8FA6-1DFCDA3F4B99}"
EndProject
Global
	GlobalSection(SolutionConfigurationPlatforms) = preSolution
		Debug|Any CPU = Debug|Any CPU
		Release|Any CPU = Release|Any CPU
	EndGlobalSection
	GlobalSection(ProjectConfigurationPlatforms) = postSolution
		{B102F5F8-F8D1-4C05-BF9F-6C404038B4C7}.Debug|Any CPU.ActiveCfg = Debug|Any CPU
		{B102F5F8-F8D1-4C05-BF9F-6C404038B4C7}.Debug|Any CPU.Build.0 = Debug|Any CPU
		{B102F5F8-F8D1-4C05-BF9F-6C404038B4C7}.Release|Any CPU.ActiveCfg = Release|Any CPU
		{B102F5F8-F8D1-4C05-BF9F-6C404038B4C7}.Release|Any CPU.Build.0 = Release|Any CPU
		{7999577E-59CF-479E-8FA6-1DFCDA3F4B99}.Debug|Any CPU.ActiveCfg = Debug|Any CPU
		{7999577E-59CF-479E-8FA6-1DFCDA3F4B99}.Debug|Any CPU.Build.0 = Debug|Any CPU
		{7999577E-59CF-479E-8FA6-1DFCDA3F4B99}.Release|Any CPU.ActiveCfg = Release|Any CPU
		{7999577E-59CF-479E-8FA6-1DFCDA3F4B99}.Release|Any CPU.Build.0 = Release|Any CPU
	EndGlobalSection
	GlobalSection(SolutionProperties) = preSolution
		HideSolutionNode = FALSE
	EndGlobalSection
	GlobalSection(ExtensibilityGlobals) = postSolution
		SolutionGuid = {ABA49334-F674-415E-8B1F-D5D4CA213EA9}
	EndGlobalSection
EndGlobal
